
Microsoft Visual Studio Solution File, Format Version 12.00
# Visual Studio 15
VisualStudioVersion = 15.0.27428.2002
MinimumVisualStudioVersion = 10.0.40219.1
Project("{FAE04EC0-301F-11D3-BF4B-00C04F79EFBC}") = "Homework0409", "Homework0409\Homework0409.csproj", "{8CE02931-DD81-460F-AEA7-2D929E16923E}"
EndProject
Global
	GlobalSection(SolutionConfigurationPlatforms) = preSolution
		Debug|Any CPU = Debug|Any CPU
		Release|Any CPU = Release|Any CPU
	EndGlobalSection
	GlobalSection(ProjectConfigurationPlatforms) = postSolution
		{8CE02931-DD81-460F-AEA7-2D929E16923E}.Debug|Any CPU.ActiveCfg = Debug|Any CPU
		{8CE02931-DD81-460F-AEA7-2D929E16923E}.Debug|Any CPU.Build.0 = Debug|Any CPU
		{8CE02931-DD81-460F-AEA7-2D929E16923E}.Release|Any CPU.ActiveCfg = Release|Any CPU
		{8CE02931-DD81-460F-AEA7-2D929E16923E}.Release|Any CPU.Build.0 = Release|Any CPU
	EndGlobalSection
	GlobalSection(SolutionProperties) = preSolution
		HideSolutionNode = FALSE
	EndGlobalSection
	GlobalSection(ExtensibilityGlobals) = postSolution
		SolutionGuid = {AED662FF-4C7F-4C03-B470-F15FE0F31A06}
	EndGlobalSection
EndGlobal
